<?xml version="1.0" encoding="utf-8"?>
<Project ToolsVersion="4.0" xmlns="http://schemas.microsoft.com/developer/msbuild/2003">
  <ItemGroup>
    <Filter Include="Source Files">
      <UniqueIdentifier>{4FC737F1-C7A5-4376-A066-2A32D752A2FF}</UniqueIdentifier>
      <Extensions>cpp;c;cc;cxx;c++;cppm;ixx;def;odl;idl;hpj;bat;asm;asmx</Extensions>
    </Filter>
    <Filter Include="Header Files">
      <UniqueIdentifier>{93995380-89BD-4b04-88EB-625FBE52EBFB}</UniqueIdentifier>
      <Extensions>h;hh;hpp;hxx;h++;hm;inl;inc;ipp;xsd</Extensions>
    </Filter>
    <Filter Include="Resource Files">
      <UniqueIdentifier>{67DA6AB6-F800-4c08-8B7A-83BB121AAD01}</UniqueIdentifier>
      <Extensions>rc;ico;cur;bmp;dlg;rc2;rct;bin;rgs;gif;jpg;jpeg;jpe;resx;tiff;tif;png;wav;mfcribbon-ms</Extensions>
    </Filter>
    <Filter Include="SDK">
      <UniqueIdentifier>{9a0a0c7a-290e-4a04-87d1-470fe654c48f}</UniqueIdentifier>
    </Filter>
    <Filter Include="SDK\Header Files">
      <UniqueIdentifier>{c6adbe20-96f4-4d89-b5b2-9ed8e2f6e0ba}</UniqueIdentifier>
    </Filter>
    <Filter Include="SDK\Source Files">
      <UniqueIdentifier>{8b35ca0f-b103-4c65-ae1d-b15598cc3c44}</UniqueIdentifier>
    </Filter>
  </ItemGroup>
  <ItemGroup>
    <ClInclude Include="Resource.h">
      <Filter>Header Files</Filter>
    </ClInclude>
    <ClInclude Include="..\..\..\..\SDK\CSR_AI.h">
      <Filter>SDK\Header Files</Filter>
    </ClInclude>
    <ClInclude Include="..\..\..\..\SDK\CSR_Collision.h">
      <Filter>SDK\Header Files</Filter>
    </ClInclude>
    <ClInclude Include="..\..\..\..\SDK\CSR_Common.h">
      <Filter>SDK\Header Files</Filter>
    </ClInclude>
    <ClInclude Include="..\..\..\..\SDK\CSR_Geometry.h">
      <Filter>SDK\Header Files</Filter>
    </ClInclude>
    <ClInclude Include="..\..\..\..\SDK\CSR_Lighting.h">
      <Filter>SDK\Header Files</Filter>
    </ClInclude>
    <ClInclude Include="..\..\..\..\SDK\CSR_Model.h">
      <Filter>SDK\Header Files</Filter>
    </ClInclude>
    <ClInclude Include="..\..\..\..\SDK\CSR_Particles.h">
      <Filter>SDK\Header Files</Filter>
    </ClInclude>
    <ClInclude Include="..\..\..\..\SDK\CSR_Physics.h">
      <Filter>SDK\Header Files</Filter>
    </ClInclude>
    <ClInclude Include="..\..\..\..\SDK\CSR_Renderer.h">
      <Filter>SDK\Header Files</Filter>
    </ClInclude>
    <ClInclude Include="..\..\..\..\SDK\CSR_Renderer_OpenGL.h">
      <Filter>SDK\Header Files</Filter>
    </ClInclude>
    <ClInclude Include="..\..\..\..\SDK\CSR_Scene.h">
      <Filter>SDK\Header Files</Filter>
    </ClInclude>
    <ClInclude Include="..\..\..\..\SDK\CSR_SoftwareRaster.h">
      <Filter>SDK\Header Files</Filter>
    </ClInclude>
    <ClInclude Include="..\..\..\..\SDK\CSR_Sound.h">
      <Filter>SDK\Header Files</Filter>
    </ClInclude>
    <ClInclude Include="..\..\..\..\SDK\CSR_Texture.h">
      <Filter>SDK\Header Files</Filter>
    </ClInclude>
    <ClInclude Include="..\..\..\..\SDK\CSR_Vertex.h">
      <Filter>SDK\Header Files</Filter>
    </ClInclude>
    <ClInclude Include="..\..\..\..\Common\C++\Helpers\CSR_OpenGLHelper.h">
      <Filter>Header Files</Filter>
    </ClInclude>
    <ClInclude Include="..\..\..\..\Common\C++\Helpers\CSR_ShaderHelper.h">
      <Filter>Header Files</Filter>
    </ClInclude>
  </ItemGroup>
  <ItemGroup>
    <ClCompile Include="Bot.cpp">
      <Filter>Source Files</Filter>
    </ClCompile>
    <ClCompile Include="..\..\..\..\SDK\CSR_AI.c">
      <Filter>SDK\Source Files</Filter>
    </ClCompile>
    <ClCompile Include="..\..\..\..\SDK\CSR_Collision.c">
      <Filter>SDK\Source Files</Filter>
    </ClCompile>
    <ClCompile Include="..\..\..\..\SDK\CSR_Common.c">
      <Filter>SDK\Source Files</Filter>
    </ClCompile>
    <ClCompile Include="..\..\..\..\SDK\CSR_Geometry.c">
      <Filter>SDK\Source Files</Filter>
    </ClCompile>
    <ClCompile Include="..\..\..\..\SDK\CSR_Lighting.c">
      <Filter>SDK\Source Files</Filter>
    </ClCompile>
    <ClCompile Include="..\..\..\..\SDK\CSR_Model.c">
      <Filter>SDK\Source Files</Filter>
    </ClCompile>
    <ClCompile Include="..\..\..\..\SDK\CSR_Particles.c">
      <Filter>SDK\Source Files</Filter>
    </ClCompile>
    <ClCompile Include="..\..\..\..\SDK\CSR_Physics.c">
      <Filter>SDK\Source Files</Filter>
    </ClCompile>
    <ClCompile Include="..\..\..\..\SDK\CSR_Renderer.c">
      <Filter>SDK\Source Files</Filter>
    </ClCompile>
    <ClCompile Include="..\..\..\..\SDK\CSR_Renderer_OpenGL.c">
      <Filter>SDK\Source Files</Filter>
    </ClCompile>
    <ClCompile Include="..\..\..\..\SDK\CSR_Scene.c">
      <Filter>SDK\Source Files</Filter>
    </ClCompile>
    <ClCompile Include="..\..\..\..\SDK\CSR_SoftwareRaster.c">
      <Filter>SDK\Source Files</Filter>
    </ClCompile>
    <ClCompile Include="..\..\..\..\SDK\CSR_Sound.c">
      <Filter>SDK\Source Files</Filter>
    </ClCompile>
    <ClCompile Include="..\..\..\..\SDK\CSR_Texture.c">
      <Filter>SDK\Source Files</Filter>
    </ClCompile>
    <ClCompile Include="..\..\..\..\SDK\CSR_Vertex.c">
      <Filter>SDK\Source Files</Filter>
    </ClCompile>
    <ClCompile Include="..\..\..\..\Common\C++\Helpers\CSR_OpenGLHelper.cpp">
      <Filter>Source Files</Filter>
    </ClCompile>
    <ClCompile Include="..\..\..\..\Common\C++\Helpers\CSR_ShaderHelper.cpp">
      <Filter>Source Files</Filter>
    </ClCompile>
  </ItemGroup>
  <ItemGroup>
    <ResourceCompile Include="Bot.rc">
      <Filter>Resource Files</Filter>
    </ResourceCompile>
  </ItemGroup>
  <ItemGroup>
    <Image Include="CompactStarEngine.ico">
      <Filter>Resource Files</Filter>
    </Image>
  </ItemGroup>
</Project>